{
  "nodes": {
    "blink-cmp": {
      "inputs": {
        "fenix": "fenix",
        "flake-parts": "flake-parts",
        "nixpkgs": "nixpkgs"
      },
      "locked": {
        "lastModified": 1757953913,
        "narHash": "sha256-eMUOjG2CtedCGVU1Pdp8PCCgGoFbjeVvK7lMS8E+ogg=",
        "owner": "Saghen",
        "repo": "blink.cmp",
        "rev": "327fff91fe6af358e990be7be1ec8b78037d2138",
        "type": "github"
      },
      "original": {
        "owner": "Saghen",
        "ref": "v1.7.0",
        "repo": "blink.cmp",
        "type": "github"
      }
    },
    "chatbot": {
      "flake": false,
      "locked": {
        "lastModified": 1754903071,
        "narHash": "sha256-+K536d3WF5eHRTSgkhn1NLFHms67iw4A0Ql8OZ9TgTw=",
        "owner": "robitx",
        "repo": "gp.nvim",
        "rev": "c37f154b97690c4925fef4e35ffdbf2c844b5f4e",
        "type": "github"
      },
      "original": {
        "owner": "robitx",
        "repo": "gp.nvim",
        "type": "github"
      }
    },
    "copilot": {
      "flake": false,
      "locked": {
        "lastModified": 1759286534,
        "narHash": "sha256-dL+yxTPSjX5PDJ4LgqFoS1HtkZV9G1S6VD+w+CPhil8=",
        "owner": "github",
        "repo": "copilot.vim",
        "rev": "da369d90cfd6c396b1d0ec259836a1c7222fb2ea",
        "type": "github"
      },
      "original": {
        "owner": "github",
        "repo": "copilot.vim",
        "type": "github"
      }
    },
    "fenix": {
      "inputs": {
        "nixpkgs": [
          "blink-cmp",
          "nixpkgs"
        ],
        "rust-analyzer-src": "rust-analyzer-src"
      },
      "locked": {
        "lastModified": 1747032090,
        "narHash": "sha256-htgrHIR/P7V8WeRW/XDWJHXBzbTSWCDYZHsxPAzDuUY=",
        "owner": "nix-community",
        "repo": "fenix",
        "rev": "1436bb8b85b35ca3ba64ad97df31a3b23c7610a3",
        "type": "github"
      },
      "original": {
        "owner": "nix-community",
        "repo": "fenix",
        "type": "github"
      }
    },
    "flake-parts": {
      "inputs": {
        "nixpkgs-lib": "nixpkgs-lib"
      },
      "locked": {
        "lastModified": 1733312601,
        "narHash": "sha256-4pDvzqnegAfRkPwO3wmwBhVi/Sye1mzps0zHWYnP88c=",
        "owner": "hercules-ci",
        "repo": "flake-parts",
        "rev": "205b12d8b7cd4802fbcb8e8ef6a0f1408781a4f9",
        "type": "github"
      },
      "original": {
        "owner": "hercules-ci",
        "repo": "flake-parts",
        "type": "github"
      }
    },
    "nixpkgs": {
      "locked": {
        "lastModified": 1736166416,
        "narHash": "sha256-U47xeACNBpkSO6IcCm0XvahsVXpJXzjPIQG7TZlOToU=",
        "owner": "nixos",
        "repo": "nixpkgs",
        "rev": "b30f97d8c32d804d2d832ee837d0f1ca0695faa5",
        "type": "github"
      },
      "original": {
        "owner": "nixos",
        "ref": "nixpkgs-unstable",
        "repo": "nixpkgs",
        "type": "github"
      }
    },
    "nixpkgs-lib": {
      "locked": {
        "lastModified": 1733096140,
        "narHash": "sha256-1qRH7uAUsyQI7R1Uwl4T+XvdNv778H0Nb5njNrqvylY=",
        "type": "tarball",
        "url": "https://github.com/NixOS/nixpkgs/archive/5487e69da40cbd611ab2cadee0b4637225f7cfae.tar.gz"
      },
      "original": {
        "type": "tarball",
        "url": "https://github.com/NixOS/nixpkgs/archive/5487e69da40cbd611ab2cadee0b4637225f7cfae.tar.gz"
      }
    },
    "nixpkgs_2": {
      "locked": {
        "lastModified": 1760580664,
        "narHash": "sha256-/YdfibIrnqXAL8p5kqCU345mzpHoOtuVIkMiI2pF4Dc=",
        "owner": "nixos",
        "repo": "nixpkgs",
        "rev": "98ff3f9af2684f6136c24beef08f5e2033fc5389",
        "type": "github"
      },
      "original": {
        "owner": "nixos",
        "ref": "nixos-25.05",
        "repo": "nixpkgs",
        "type": "github"
      }
    },
    "repl": {
      "flake": false,
      "locked": {
        "lastModified": 1746409926,
        "narHash": "sha256-S19JUbE9mX93lbh5Co/Vd196kk+APR6zheIaHq6WdMU=",
        "owner": "pappasam",
        "repo": "nvim-repl",
        "rev": "b2dc92607fd6d1833b9c2bd916eeedcb04cad7de",
        "type": "github"
      },
      "original": {
        "owner": "pappasam",
        "repo": "nvim-repl",
        "type": "github"
      }
    },
    "root": {
      "inputs": {
        "blink-cmp": "blink-cmp",
        "chatbot": "chatbot",
        "copilot": "copilot",
        "nixpkgs": "nixpkgs_2",
        "repl": "repl"
      }
    },
    "rust-analyzer-src": {
      "flake": false,
      "locked": {
        "lastModified": 1746889290,
        "narHash": "sha256-h3LQYZgyv2l3U7r+mcsrEOGRldaK0zJFwAAva4hV/6g=",
        "owner": "rust-lang",
        "repo": "rust-analyzer",
        "rev": "2bafe9d96c6734aacfd49e115f6cf61e7adc68bc",
        "type": "github"
      },
      "original": {
        "owner": "rust-lang",
        "ref": "nightly",
        "repo": "rust-analyzer",
        "type": "github"
      }
    }
  },
  "root": "root",
  "version": 7
}
