{
  "nodes": {
    "chatbot": {
      "flake": false,
      "locked": {
        "lastModified": 1726734798,
        "narHash": "sha256-QUZrFU/+TPBEU8yi9gmyRYjI/u7DP88AxcS0RMk7Jvk=",
        "owner": "robitx",
        "repo": "gp.nvim",
        "rev": "2372d5323c6feaa2e9c19f7ccb537c615d878e18",
        "type": "github"
      },
      "original": {
        "owner": "robitx",
        "repo": "gp.nvim",
        "type": "github"
      }
    },
    "copilot": {
      "flake": false,
      "locked": {
        "lastModified": 1728401940,
        "narHash": "sha256-9264TNocFvtC2znvgfjpwLWBTGfg1U5Fr0dZkkyCYpQ=",
        "owner": "github",
        "repo": "copilot.vim",
        "rev": "87038123804796ca7af20d1b71c3428d858a9124",
        "type": "github"
      },
      "original": {
        "owner": "github",
        "repo": "copilot.vim",
        "type": "github"
      }
    },
    "nixpkgs": {
      "locked": {
        "lastModified": 1740603184,
        "narHash": "sha256-t+VaahjQAWyA+Ctn2idyo1yxRIYpaDxMgHkgCNiMJa4=",
        "owner": "nixos",
        "repo": "nixpkgs",
        "rev": "f44bd8ca21e026135061a0a57dcf3d0775b67a49",
        "type": "github"
      },
      "original": {
        "owner": "nixos",
        "ref": "nixos-24.11",
        "repo": "nixpkgs",
        "type": "github"
      }
    },
    "repl": {
      "flake": false,
      "locked": {
        "lastModified": 1737651093,
        "narHash": "sha256-p0IaNa8dKoF+flnBQV3dF7WDYkxkHbeXyRDbrNPszeg=",
        "owner": "pappasam",
        "repo": "nvim-repl",
        "rev": "a214145602599fdb51e2f8c437fbecaf709caa47",
        "type": "github"
      },
      "original": {
        "owner": "pappasam",
        "repo": "nvim-repl",
        "type": "github"
      }
    },
    "root": {
      "inputs": {
        "chatbot": "chatbot",
        "copilot": "copilot",
        "nixpkgs": "nixpkgs",
        "repl": "repl"
      }
    }
  },
  "root": "root",
  "version": 7
}
