{
  "nodes": {
    "R433nixpkgs": {
      "locked": {
        "lastModified": 1711361959,
        "narHash": "sha256-qXOqiaxJfYOxQgRqdEdK0ddItKfzPFVSZyINij0C8+g=",
        "owner": "nixos",
        "repo": "nixpkgs",
        "rev": "87f7f762d94dc125d5873d1d68f8c8090aaf5ec3",
        "type": "github"
      },
      "original": {
        "owner": "nixos",
        "ref": "87f7f76",
        "repo": "nixpkgs",
        "type": "github"
      }
    },
    "chatbot": {
      "flake": false,
      "locked": {
        "lastModified": 1754903071,
        "narHash": "sha256-+K536d3WF5eHRTSgkhn1NLFHms67iw4A0Ql8OZ9TgTw=",
        "owner": "robitx",
        "repo": "gp.nvim",
        "rev": "c37f154b97690c4925fef4e35ffdbf2c844b5f4e",
        "type": "github"
      },
      "original": {
        "owner": "robitx",
        "repo": "gp.nvim",
        "type": "github"
      }
    },
    "nixpkgs": {
      "locked": {
        "lastModified": 1765311797,
        "narHash": "sha256-mSD5Ob7a+T2RNjvPvOA1dkJHGVrNVl8ZOrAwBjKBDQo=",
        "owner": "nixos",
        "repo": "nixpkgs",
        "rev": "09eb77e94fa25202af8f3e81ddc7353d9970ac1b",
        "type": "github"
      },
      "original": {
        "owner": "nixos",
        "ref": "nixos-25.11",
        "repo": "nixpkgs",
        "type": "github"
      }
    },
    "repl": {
      "flake": false,
      "locked": {
        "lastModified": 1746409926,
        "narHash": "sha256-S19JUbE9mX93lbh5Co/Vd196kk+APR6zheIaHq6WdMU=",
        "owner": "pappasam",
        "repo": "nvim-repl",
        "rev": "b2dc92607fd6d1833b9c2bd916eeedcb04cad7de",
        "type": "github"
      },
      "original": {
        "owner": "pappasam",
        "repo": "nvim-repl",
        "type": "github"
      }
    },
    "root": {
      "inputs": {
        "R433nixpkgs": "R433nixpkgs",
        "chatbot": "chatbot",
        "nixpkgs": "nixpkgs",
        "repl": "repl"
      }
    }
  },
  "root": "root",
  "version": 7
}
